{
  "requires": true,
  "lockfileVersion": 1,
  "dependencies": {
    "helmet": {
      "version": "4.5.0",
      "resolved": "https://registry.npmjs.org/helmet/-/helmet-4.5.0.tgz",
      "integrity": "sha512-GfxdTaKarneWOpxmiVb/1YsY+fIwDOxVUGrvNEM1MC8W6Z2PREfkXiWF4XHQdvkyXwUTHuY4DRwB0uH/Q6BVyQ=="
    }
  }
}
